
Microsoft Visual Studio Solution File, Format Version 11.00
# Visual Studio 2010
Project("{2150E333-8FDC-42A3-9474-1A3956D46DE8}") = "Solution Items", "Solution Items", "{98160E59-BDF4-4A22-A241-FBFFE44FF191}"
	ProjectSection(SolutionItems) = preProject
		awzcore.nuspec = awzcore.nuspec
	EndProjectSection
EndProject
Project("{2150E333-8FDC-42A3-9474-1A3956D46DE8}") = ".nuget", ".nuget", "{BB14CF56-E54C-4A1B-8CB4-89578A9E9731}"
	ProjectSection(SolutionItems) = preProject
		.nuget\NuGet.exe = .nuget\NuGet.exe
		.nuget\NuGet.targets = .nuget\NuGet.targets
		.nuget\packages.config = .nuget\packages.config
	EndProjectSection
EndProject
Project("{FAE04EC0-301F-11D3-BF4B-00C04F79EFBC}") = "awzcore.Development", "awzcore.Development\awzcore.Development.csproj", "{AE1A2065-94D9-493B-8801-E6CE885B8FA8}"
EndProject
Project("{FAE04EC0-301F-11D3-BF4B-00C04F79EFBC}") = "awzcore.Extensions", "awzcore.Extensions\awzcore.Extensions.csproj", "{410D5471-D7D0-452E-A8A6-F297BC338D84}"
EndProject
Project("{FAE04EC0-301F-11D3-BF4B-00C04F79EFBC}") = "awzcore.Tests", "awzcore.Tests\awzcore.Tests.csproj", "{C4D58D85-CE28-4591-8912-32868D62B084}"
EndProject
Project("{FAE04EC0-301F-11D3-BF4B-00C04F79EFBC}") = "awzcore", "awzcore\awzcore.csproj", "{D42B595D-D026-4270-B2DF-514D00DE8476}"
EndProject
Global
	GlobalSection(SolutionConfigurationPlatforms) = preSolution
		Debug|Any CPU = Debug|Any CPU
		Debug|x86 = Debug|x86
		Release|Any CPU = Release|Any CPU
		Release|x86 = Release|x86
	EndGlobalSection
	GlobalSection(ProjectConfigurationPlatforms) = postSolution
		{410D5471-D7D0-452E-A8A6-F297BC338D84}.Debug|Any CPU.ActiveCfg = Debug|Any CPU
		{410D5471-D7D0-452E-A8A6-F297BC338D84}.Debug|Any CPU.Build.0 = Debug|Any CPU
		{410D5471-D7D0-452E-A8A6-F297BC338D84}.Debug|x86.ActiveCfg = Debug|Any CPU
		{410D5471-D7D0-452E-A8A6-F297BC338D84}.Debug|x86.Build.0 = Debug|Any CPU
		{410D5471-D7D0-452E-A8A6-F297BC338D84}.Release|Any CPU.ActiveCfg = Release|Any CPU
		{410D5471-D7D0-452E-A8A6-F297BC338D84}.Release|Any CPU.Build.0 = Release|Any CPU
		{410D5471-D7D0-452E-A8A6-F297BC338D84}.Release|x86.ActiveCfg = Release|Any CPU
		{410D5471-D7D0-452E-A8A6-F297BC338D84}.Release|x86.Build.0 = Release|Any CPU
		{AE1A2065-94D9-493B-8801-E6CE885B8FA8}.Debug|Any CPU.ActiveCfg = Debug|x86
		{AE1A2065-94D9-493B-8801-E6CE885B8FA8}.Debug|Any CPU.Build.0 = Debug|x86
		{AE1A2065-94D9-493B-8801-E6CE885B8FA8}.Debug|x86.ActiveCfg = Debug|x86
		{AE1A2065-94D9-493B-8801-E6CE885B8FA8}.Debug|x86.Build.0 = Debug|x86
		{AE1A2065-94D9-493B-8801-E6CE885B8FA8}.Release|Any CPU.ActiveCfg = Release|x86
		{AE1A2065-94D9-493B-8801-E6CE885B8FA8}.Release|Any CPU.Build.0 = Release|x86
		{AE1A2065-94D9-493B-8801-E6CE885B8FA8}.Release|x86.ActiveCfg = Release|x86
		{AE1A2065-94D9-493B-8801-E6CE885B8FA8}.Release|x86.Build.0 = Release|x86
		{C4D58D85-CE28-4591-8912-32868D62B084}.Debug|Any CPU.ActiveCfg = Debug|Any CPU
		{C4D58D85-CE28-4591-8912-32868D62B084}.Debug|Any CPU.Build.0 = Debug|Any CPU
		{C4D58D85-CE28-4591-8912-32868D62B084}.Debug|x86.ActiveCfg = Debug|Any CPU
		{C4D58D85-CE28-4591-8912-32868D62B084}.Debug|x86.Build.0 = Debug|Any CPU
		{C4D58D85-CE28-4591-8912-32868D62B084}.Release|Any CPU.ActiveCfg = Release|Any CPU
		{C4D58D85-CE28-4591-8912-32868D62B084}.Release|Any CPU.Build.0 = Release|Any CPU
		{C4D58D85-CE28-4591-8912-32868D62B084}.Release|x86.ActiveCfg = Release|Any CPU
		{C4D58D85-CE28-4591-8912-32868D62B084}.Release|x86.Build.0 = Release|Any CPU
		{D42B595D-D026-4270-B2DF-514D00DE8476}.Debug|Any CPU.ActiveCfg = Debug|Any CPU
		{D42B595D-D026-4270-B2DF-514D00DE8476}.Debug|Any CPU.Build.0 = Debug|Any CPU
		{D42B595D-D026-4270-B2DF-514D00DE8476}.Debug|x86.ActiveCfg = Debug|Any CPU
		{D42B595D-D026-4270-B2DF-514D00DE8476}.Debug|x86.Build.0 = Debug|Any CPU
		{D42B595D-D026-4270-B2DF-514D00DE8476}.Release|Any CPU.ActiveCfg = Release|Any CPU
		{D42B595D-D026-4270-B2DF-514D00DE8476}.Release|Any CPU.Build.0 = Release|Any CPU
		{D42B595D-D026-4270-B2DF-514D00DE8476}.Release|x86.ActiveCfg = Release|Any CPU
		{D42B595D-D026-4270-B2DF-514D00DE8476}.Release|x86.Build.0 = Release|Any CPU
	EndGlobalSection
	GlobalSection(NestedProjects) = preSolution
	EndGlobalSection
	GlobalSection(MonoDevelopProperties) = preSolution
		Policies = $0
		$0.DotNetNamingPolicy = $1
		$1.DirectoryNamespaceAssociation = PrefixedHierarchical
		$1.ResourceNamePolicy = FileFormatDefault
		$0.TextStylePolicy = $2
		$2.FileWidth = 120
		$2.TabsToSpaces = False
		$2.EolMarker = Unix
		$2.inheritsSet = VisualStudio
		$2.inheritsScope = text/plain
		$2.scope = text/x-csharp
		$0.CSharpFormattingPolicy = $3
		$3.IndentSwitchBody = True
		$3.AlignEmbeddedStatements = False
		$3.AnonymousMethodBraceStyle = NextLine
		$3.PropertyBraceStyle = NextLine
		$3.PropertyGetBraceStyle = NextLine
		$3.PropertySetBraceStyle = NextLine
		$3.EventBraceStyle = NextLine
		$3.EventAddBraceStyle = NextLine
		$3.EventRemoveBraceStyle = NextLine
		$3.StatementBraceStyle = NextLine
		$3.ElseNewLinePlacement = NewLine
		$3.CatchNewLinePlacement = NewLine
		$3.FinallyNewLinePlacement = NewLine
		$3.WhileNewLinePlacement = NewLine
		$3.BeforeMethodDeclarationParentheses = False
		$3.BeforeMethodCallParentheses = False
		$3.BeforeConstructorDeclarationParentheses = False
		$3.NewLineBeforeConstructorInitializerColon = NewLine
		$3.NewLineAfterConstructorInitializerColon = SameLine
		$3.BeforeIndexerDeclarationBracket = False
		$3.BeforeDelegateDeclarationParentheses = False
		$3.AfterDelegateDeclarationParameterComma = True
		$3.NewParentheses = False
		$3.SpacesBeforeBrackets = False
		$3.SpacesAfterTypecast = True
		$3.inheritsSet = Mono
		$3.inheritsScope = text/x-csharp
		$3.scope = text/x-csharp
		$0.TextStylePolicy = $4
		$4.FileWidth = 120
		$4.TabsToSpaces = False
		$4.EolMarker = Unix
		$4.inheritsSet = VisualStudio
		$4.inheritsScope = text/plain
		$4.scope = text/plain
		$0.TextStylePolicy = $5
		$5.FileWidth = 120
		$5.TabsToSpaces = False
		$5.EolMarker = Unix
		$5.inheritsSet = VisualStudio
		$5.inheritsScope = text/plain
		$5.scope = application/xml
		$0.XmlFormattingPolicy = $6
		$6.inheritsSet = Mono
		$6.inheritsScope = application/xml
		$6.scope = application/xml
		$0.TextStylePolicy = $7
		$7.inheritsSet = null
		$7.scope = application/config+xml
		$0.XmlFormattingPolicy = $8
		$8.inheritsSet = null
		$8.scope = application/config+xml
		$0.TextStylePolicy = $9
		$9.inheritsSet = null
		$9.scope = text/microsoft-resx
		$0.XmlFormattingPolicy = $10
		$10.inheritsSet = null
		$10.scope = text/microsoft-resx
		$0.StandardHeader = $11
		$11.Text = @\t------------------------------------------------------------------------\n\t awzcore Library\n\t\n\t Homepage: http://www.awzhome.de/\n\t------------------------------------------------------------------------\n\t\n\tThis Source Code Form is subject to the terms of the Mozilla Public\n\tLicense, v. 2.0. If a copy of the MPL was not distributed with this\n\tfile, You can obtain one at http://mozilla.org/MPL/2.0/.\n   \n\tThe Original Code is code of awzcore Library.\n\n\tThe Initial Developer of the Original Code is Andreas Weizel.\n\tPortions created by the Initial Developer are\n\tCopyright (C) 2015 Andreas Weizel. All Rights Reserved.\n\t\n\tContributor(s): (none)\n\t\n\t------------------------------------------------------------------------
		$11.IncludeInNewFiles = True
		$0.NameConventionPolicy = $12
		$12.Rules = $13
		$13.NamingRule = $14
		$14.Name = Types
		$14.AffectedEntity = Class, Struct, Enum, Delegate
		$14.VisibilityMask = VisibilityMask
		$14.NamingStyle = PascalCase
		$14.IncludeInstanceMembers = True
		$14.IncludeStaticEntities = True
		$13.NamingRule = $15
		$15.Name = Interfaces
		$15.RequiredPrefixes = $16
		$16.String = I
		$15.AffectedEntity = Interface
		$15.VisibilityMask = VisibilityMask
		$15.NamingStyle = PascalCase
		$15.IncludeInstanceMembers = True
		$15.IncludeStaticEntities = True
		$13.NamingRule = $17
		$17.Name = Attributes
		$17.RequiredSuffixes = $18
		$18.String = Attribute
		$17.AffectedEntity = CustomAttributes
		$17.VisibilityMask = VisibilityMask
		$17.NamingStyle = PascalCase
		$17.IncludeInstanceMembers = True
		$17.IncludeStaticEntities = True
		$13.NamingRule = $19
		$19.Name = Event Arguments
		$19.RequiredSuffixes = $20
		$20.String = EventArgs
		$19.AffectedEntity = CustomEventArgs
		$19.VisibilityMask = VisibilityMask
		$19.NamingStyle = PascalCase
		$19.IncludeInstanceMembers = True
		$19.IncludeStaticEntities = True
		$13.NamingRule = $21
		$21.Name = Exceptions
		$21.RequiredSuffixes = $22
		$22.String = Exception
		$21.AffectedEntity = CustomExceptions
		$21.VisibilityMask = VisibilityMask
		$21.NamingStyle = PascalCase
		$21.IncludeInstanceMembers = True
		$21.IncludeStaticEntities = True
		$13.NamingRule = $23
		$23.Name = Methods
		$23.AffectedEntity = Methods
		$23.VisibilityMask = VisibilityMask
		$23.NamingStyle = PascalCase
		$23.IncludeInstanceMembers = True
		$23.IncludeStaticEntities = True
		$13.NamingRule = $24
		$24.Name = Static Readonly Fields
		$24.AffectedEntity = ReadonlyField
		$24.VisibilityMask = Internal, Protected, Public
		$24.NamingStyle = PascalCase
		$24.IncludeInstanceMembers = False
		$24.IncludeStaticEntities = True
		$13.NamingRule = $25
		$25.Name = Fields (Non Private)
		$25.AffectedEntity = Field
		$25.VisibilityMask = Internal, Protected, Public
		$25.NamingStyle = PascalCase
		$25.IncludeInstanceMembers = True
		$25.IncludeStaticEntities = True
		$13.NamingRule = $26
		$26.Name = ReadOnly Fields (Non Private)
		$26.AffectedEntity = ReadonlyField
		$26.VisibilityMask = Internal, Protected, Public
		$26.NamingStyle = PascalCase
		$26.IncludeInstanceMembers = True
		$26.IncludeStaticEntities = False
		$13.NamingRule = $27
		$27.Name = Fields (Private)
		$27.AllowedPrefixes = $28
		$28.String = _
		$28.String = m_
		$27.AffectedEntity = Field, ReadonlyField
		$27.VisibilityMask = Private
		$27.NamingStyle = CamelCase
		$27.IncludeInstanceMembers = True
		$27.IncludeStaticEntities = False
		$13.NamingRule = $29
		$29.Name = Static Fields (Private)
		$29.AffectedEntity = Field
		$29.VisibilityMask = Private
		$29.NamingStyle = CamelCase
		$29.IncludeInstanceMembers = False
		$29.IncludeStaticEntities = True
		$13.NamingRule = $30
		$30.Name = ReadOnly Fields (Private)
		$30.AllowedPrefixes = $31
		$31.String = _
		$31.String = m_
		$30.AffectedEntity = ReadonlyField
		$30.VisibilityMask = Private
		$30.NamingStyle = CamelCase
		$30.IncludeInstanceMembers = True
		$30.IncludeStaticEntities = False
		$13.NamingRule = $32
		$32.Name = Constant Fields
		$32.AffectedEntity = ConstantField
		$32.VisibilityMask = VisibilityMask
		$32.NamingStyle = PascalCase
		$32.IncludeInstanceMembers = True
		$32.IncludeStaticEntities = True
		$13.NamingRule = $33
		$33.Name = Properties
		$33.AffectedEntity = Property
		$33.VisibilityMask = VisibilityMask
		$33.NamingStyle = PascalCase
		$33.IncludeInstanceMembers = True
		$33.IncludeStaticEntities = True
		$13.NamingRule = $34
		$34.Name = Events
		$34.AffectedEntity = Event
		$34.VisibilityMask = VisibilityMask
		$34.NamingStyle = PascalCase
		$34.IncludeInstanceMembers = True
		$34.IncludeStaticEntities = True
		$13.NamingRule = $35
		$35.Name = Enum Members
		$35.AffectedEntity = EnumMember
		$35.VisibilityMask = VisibilityMask
		$35.NamingStyle = PascalCase
		$35.IncludeInstanceMembers = True
		$35.IncludeStaticEntities = True
		$13.NamingRule = $36
		$36.Name = Parameters
		$36.AffectedEntity = Parameter
		$36.VisibilityMask = VisibilityMask
		$36.NamingStyle = CamelCase
		$36.IncludeInstanceMembers = True
		$36.IncludeStaticEntities = True
		$13.NamingRule = $37
		$37.Name = Type Parameters
		$37.RequiredPrefixes = $38
		$38.String = T
		$37.AffectedEntity = TypeParameter
		$37.VisibilityMask = VisibilityMask
		$37.NamingStyle = PascalCase
		$37.IncludeInstanceMembers = True
		$37.IncludeStaticEntities = True
		$0.VersionControlPolicy = $39
		$39.inheritsSet = Mono
		$0.ChangeLogPolicy = $40
		$40.inheritsSet = Mono
	EndGlobalSection
	GlobalSection(SolutionProperties) = preSolution
		HideSolutionNode = FALSE
	EndGlobalSection
EndGlobal
